
Microsoft Visual Studio Solution File, Format Version 12.00
# Visual Studio Version 17
VisualStudioVersion = 17.7.34018.315
MinimumVisualStudioVersion = 10.0.40219.1
Project("{FAE04EC0-301F-11D3-BF4B-00C04F79EFBC}") = "Redis_API", "Redis_API\Redis_API.csproj", "{24E479BA-BD5D-44CD-AFD2-C12D771F1CDE}"
EndProject
Global
	GlobalSection(SolutionConfigurationPlatforms) = preSolution
		Debug|Any CPU = Debug|Any CPU
		Release|Any CPU = Release|Any CPU
	EndGlobalSection
	GlobalSection(ProjectConfigurationPlatforms) = postSolution
		{24E479BA-BD5D-44CD-AFD2-C12D771F1CDE}.Debug|Any CPU.ActiveCfg = Debug|Any CPU
		{24E479BA-BD5D-44CD-AFD2-C12D771F1CDE}.Debug|Any CPU.Build.0 = Debug|Any CPU
		{24E479BA-BD5D-44CD-AFD2-C12D771F1CDE}.Release|Any CPU.ActiveCfg = Release|Any CPU
		{24E479BA-BD5D-44CD-AFD2-C12D771F1CDE}.Release|Any CPU.Build.0 = Release|Any CPU
	EndGlobalSection
	GlobalSection(SolutionProperties) = preSolution
		HideSolutionNode = FALSE
	EndGlobalSection
	GlobalSection(ExtensibilityGlobals) = postSolution
		SolutionGuid = {6C060138-E186-4E8A-9503-6CBCF4775A47}
	EndGlobalSection
EndGlobal
